
Microsoft Visual Studio Solution File, Format Version 12.00
# Visual Studio Version 17
VisualStudioVersion = 17.8.34316.72
MinimumVisualStudioVersion = 10.0.40219.1
Project("{FAE04EC0-301F-11D3-BF4B-00C04F79EFBC}") = "NetApiStarterApp", "NetApiStarterApp\NetApiStarterApp.csproj", "{8D5AEEF5-7972-4929-9CAA-AAE2A7069589}"
EndProject
Global
	GlobalSection(SolutionConfigurationPlatforms) = preSolution
		Debug|Any CPU = Debug|Any CPU
		Release|Any CPU = Release|Any CPU
	EndGlobalSection
	GlobalSection(ProjectConfigurationPlatforms) = postSolution
		{8D5AEEF5-7972-4929-9CAA-AAE2A7069589}.Debug|Any CPU.ActiveCfg = Debug|Any CPU
		{8D5AEEF5-7972-4929-9CAA-AAE2A7069589}.Debug|Any CPU.Build.0 = Debug|Any CPU
		{8D5AEEF5-7972-4929-9CAA-AAE2A7069589}.Release|Any CPU.ActiveCfg = Release|Any CPU
		{8D5AEEF5-7972-4929-9CAA-AAE2A7069589}.Release|Any CPU.Build.0 = Release|Any CPU
	EndGlobalSection
	GlobalSection(SolutionProperties) = preSolution
		HideSolutionNode = FALSE
	EndGlobalSection
	GlobalSection(ExtensibilityGlobals) = postSolution
		SolutionGuid = {D4DEA2CC-C6F4-43F3-BC04-2C37DEE5332E}
	EndGlobalSection
EndGlobal
